
Microsoft Visual Studio Solution File, Format Version 12.00
# Visual Studio Version 17
VisualStudioVersion = 17.12.35514.174 d17.12
MinimumVisualStudioVersion = 10.0.40219.1
Project("{FAE04EC0-301F-11D3-BF4B-00C04F79EFBC}") = "ToDoList.API", "ToDoList.API\ToDoList.API.csproj", "{786A7B88-27D4-477B-A61C-0914D33FFAB2}"
EndProject
Project("{FAE04EC0-301F-11D3-BF4B-00C04F79EFBC}") = "ToDoList.Domain", "ToDoList.Domain\ToDoList.Domain.csproj", "{7BC268FC-946B-476E-BB2F-E087D4A20AAD}"
EndProject
Project("{FAE04EC0-301F-11D3-BF4B-00C04F79EFBC}") = "ToDoList.Application", "ToDoList.Application\ToDoList.Application.csproj", "{C2F4055F-DB96-4BED-B9DA-77B9F5F2FF06}"
EndProject
Project("{FAE04EC0-301F-11D3-BF4B-00C04F79EFBC}") = "ToDoList.Infrastructure", "ToDoList.Infrastructure\ToDoList.Infrastructure.csproj", "{4DA0B2F5-A47B-4F95-B51E-7B90570D9D6E}"
EndProject
Global
	GlobalSection(SolutionConfigurationPlatforms) = preSolution
		Debug|Any CPU = Debug|Any CPU
		Release|Any CPU = Release|Any CPU
	EndGlobalSection
	GlobalSection(ProjectConfigurationPlatforms) = postSolution
		{786A7B88-27D4-477B-A61C-0914D33FFAB2}.Debug|Any CPU.ActiveCfg = Debug|Any CPU
		{786A7B88-27D4-477B-A61C-0914D33FFAB2}.Debug|Any CPU.Build.0 = Debug|Any CPU
		{786A7B88-27D4-477B-A61C-0914D33FFAB2}.Release|Any CPU.ActiveCfg = Release|Any CPU
		{786A7B88-27D4-477B-A61C-0914D33FFAB2}.Release|Any CPU.Build.0 = Release|Any CPU
		{7BC268FC-946B-476E-BB2F-E087D4A20AAD}.Debug|Any CPU.ActiveCfg = Debug|Any CPU
		{7BC268FC-946B-476E-BB2F-E087D4A20AAD}.Debug|Any CPU.Build.0 = Debug|Any CPU
		{7BC268FC-946B-476E-BB2F-E087D4A20AAD}.Release|Any CPU.ActiveCfg = Release|Any CPU
		{7BC268FC-946B-476E-BB2F-E087D4A20AAD}.Release|Any CPU.Build.0 = Release|Any CPU
		{C2F4055F-DB96-4BED-B9DA-77B9F5F2FF06}.Debug|Any CPU.ActiveCfg = Debug|Any CPU
		{C2F4055F-DB96-4BED-B9DA-77B9F5F2FF06}.Debug|Any CPU.Build.0 = Debug|Any CPU
		{C2F4055F-DB96-4BED-B9DA-77B9F5F2FF06}.Release|Any CPU.ActiveCfg = Release|Any CPU
		{C2F4055F-DB96-4BED-B9DA-77B9F5F2FF06}.Release|Any CPU.Build.0 = Release|Any CPU
		{4DA0B2F5-A47B-4F95-B51E-7B90570D9D6E}.Debug|Any CPU.ActiveCfg = Debug|Any CPU
		{4DA0B2F5-A47B-4F95-B51E-7B90570D9D6E}.Debug|Any CPU.Build.0 = Debug|Any CPU
		{4DA0B2F5-A47B-4F95-B51E-7B90570D9D6E}.Release|Any CPU.ActiveCfg = Release|Any CPU
		{4DA0B2F5-A47B-4F95-B51E-7B90570D9D6E}.Release|Any CPU.Build.0 = Release|Any CPU
	EndGlobalSection
	GlobalSection(SolutionProperties) = preSolution
		HideSolutionNode = FALSE
	EndGlobalSection
EndGlobal
